
Microsoft Visual Studio Solution File, Format Version 12.00
# Visual Studio Version 16
VisualStudioVersion = 16.0.32002.261
MinimumVisualStudioVersion = 10.0.40219.1
Project("{FAE04EC0-301F-11D3-BF4B-00C04F79EFBC}") = "ComparativeAnalysisOfSortingAlgorithms", "ComparativeAnalysisOfSortingAlgorithms\ComparativeAnalysisOfSortingAlgorithms.csproj", "{3D577BEA-95AE-48AA-9249-18ACDE15221A}"
EndProject
Global
	GlobalSection(SolutionConfigurationPlatforms) = preSolution
		Debug|Any CPU = Debug|Any CPU
		Release|Any CPU = Release|Any CPU
	EndGlobalSection
	GlobalSection(ProjectConfigurationPlatforms) = postSolution
		{3D577BEA-95AE-48AA-9249-18ACDE15221A}.Debug|Any CPU.ActiveCfg = Debug|Any CPU
		{3D577BEA-95AE-48AA-9249-18ACDE15221A}.Debug|Any CPU.Build.0 = Debug|Any CPU
		{3D577BEA-95AE-48AA-9249-18ACDE15221A}.Release|Any CPU.ActiveCfg = Release|Any CPU
		{3D577BEA-95AE-48AA-9249-18ACDE15221A}.Release|Any CPU.Build.0 = Release|Any CPU
	EndGlobalSection
	GlobalSection(SolutionProperties) = preSolution
		HideSolutionNode = FALSE
	EndGlobalSection
	GlobalSection(ExtensibilityGlobals) = postSolution
		SolutionGuid = {94EF4DAF-6EE6-4036-96CA-3CCC885B7834}
	EndGlobalSection
EndGlobal
